
Microsoft Visual Studio Solution File, Format Version 12.00
# Visual Studio 15
VisualStudioVersion = 15.0.27004.2006
MinimumVisualStudioVersion = 10.0.40219.1
Project("{FAE04EC0-301F-11D3-BF4B-00C04F79EFBC}") = "RailwayResult", "RailwayResult\RailwayResult.csproj", "{34B27A3D-2856-4176-BBF1-F9B51642D962}"
EndProject
Project("{FAE04EC0-301F-11D3-BF4B-00C04F79EFBC}") = "RailwayResultTests", "RailwayResulTests\RailwayResultTests.csproj", "{2CD1860D-F4B4-4210-B71D-D17D13204C04}"
EndProject
Global
	GlobalSection(SolutionConfigurationPlatforms) = preSolution
		Debug|Any CPU = Debug|Any CPU
		Release|Any CPU = Release|Any CPU
	EndGlobalSection
	GlobalSection(ProjectConfigurationPlatforms) = postSolution
		{34B27A3D-2856-4176-BBF1-F9B51642D962}.Debug|Any CPU.ActiveCfg = Debug|Any CPU
		{34B27A3D-2856-4176-BBF1-F9B51642D962}.Debug|Any CPU.Build.0 = Debug|Any CPU
		{34B27A3D-2856-4176-BBF1-F9B51642D962}.Release|Any CPU.ActiveCfg = Release|Any CPU
		{34B27A3D-2856-4176-BBF1-F9B51642D962}.Release|Any CPU.Build.0 = Release|Any CPU
		{2CD1860D-F4B4-4210-B71D-D17D13204C04}.Debug|Any CPU.ActiveCfg = Debug|Any CPU
		{2CD1860D-F4B4-4210-B71D-D17D13204C04}.Debug|Any CPU.Build.0 = Debug|Any CPU
		{2CD1860D-F4B4-4210-B71D-D17D13204C04}.Release|Any CPU.ActiveCfg = Release|Any CPU
		{2CD1860D-F4B4-4210-B71D-D17D13204C04}.Release|Any CPU.Build.0 = Release|Any CPU
	EndGlobalSection
	GlobalSection(SolutionProperties) = preSolution
		HideSolutionNode = FALSE
	EndGlobalSection
	GlobalSection(ExtensibilityGlobals) = postSolution
		SolutionGuid = {E3E6512F-8A0E-469F-9788-322B5E1141BC}
	EndGlobalSection
EndGlobal
